// !$*UTF8*$!
{
	archiveVersion = 1;
	classes = {
	};
	objectVersion = 46;
	objects = {

/* Begin PBXBuildFile section */
		1560D6DC2141732100BD7459 /* AppDelegate.swift in Sources */ = {isa = PBXBuildFile; fileRef = 1560D6DB2141732100BD7459 /* AppDelegate.swift */; };
		1560D6DE2141732100BD7459 /* ViewController.swift in Sources */ = {isa = PBXBuildFile; fileRef = 1560D6DD2141732100BD7459 /* ViewController.swift */; };
		1560D6E12141732100BD7459 /* Main.storyboard in Resources */ = {isa = PBXBuildFile; fileRef = 1560D6DF2141732100BD7459 /* Main.storyboard */; };
		1560D6E32141732200BD7459 /* Assets.xcassets in Resources */ = {isa = PBXBuildFile; fileRef = 1560D6E22141732200BD7459 /* Assets.xcassets */; };
		1560D6E62141732200BD7459 /* LaunchScreen.storyboard in Resources */ = {isa = PBXBuildFile; fileRef = 1560D6E42141732200BD7459 /* LaunchScreen.storyboard */; };
		1560D6F12141732200BD7459 /* __UILabelTestTests.swift in Sources */ = {isa = PBXBuildFile; fileRef = 1560D6F02141732200BD7459 /* __UILabelTestTests.swift */; };
		1560D6FC2141732200BD7459 /* __UILabelTestUITests.swift in Sources */ = {isa = PBXBuildFile; fileRef = 1560D6FB2141732200BD7459 /* __UILabelTestUITests.swift */; };
/* End PBXBuildFile section */

/* Begin PBXContainerItemProxy section */
		1560D6ED2141732200BD7459 /* PBXContainerItemProxy */ = {
			isa = PBXContainerItemProxy;
			containerPortal = 1560D6D02141732100BD7459 /* Project object */;
			proxyType = 1;
			remoteGlobalIDString = 1560D6D72141732100BD7459;
			remoteInfo = 1_UILabelTest;
		};
		1560D6F82141732200BD7459 /* PBXContainerItemProxy */ = {
			isa = PBXContainerItemProxy;
			containerPortal = 1560D6D02141732100BD7459 /* Project object */;
			proxyType = 1;
			remoteGlobalIDString = 1560D6D72141732100BD7459;
			remoteInfo = 1_UILabelTest;
		};
/* End PBXContainerItemProxy section */

/* Begin PBXFileReference section */
		1560D6D82141732100BD7459 /* 1_UILabelTest.app */ = {isa = PBXFileReference; explicitFileType = wrapper.application; includeInIndex = 0; path = 1_UILabelTest.app; sourceTree = BUILT_PRODUCTS_DIR; };
		1560D6DB2141732100BD7459 /* AppDelegate.swift */ = {isa = PBXFileReference; lastKnownFileType = sourcecode.swift; path = AppDelegate.swift; sourceTree = "<group>"; };
		1560D6DD2141732100BD7459 /* ViewController.swift */ = {isa = PBXFileReference; lastKnownFileType = sourcecode.swift; path = ViewController.swift; sourceTree = "<group>"; };
		1560D6E02141732100BD7459 /* Base */ = {isa = PBXFileReference; lastKnownFileType = file.storyboard; name = Base; path = Base.lproj/Main.storyboard; sourceTree = "<group>"; };
		1560D6E22141732200BD7459 /* Assets.xcassets */ = {isa = PBXFileReference; lastKnownFileType = folder.assetcatalog; path = Assets.xcassets; sourceTree = "<group>"; };
		1560D6E52141732200BD7459 /* Base */ = {isa = PBXFileReference; lastKnownFileType = file.storyboard; name = Base; path = Base.lproj/LaunchScreen.storyboard; sourceTree = "<group>"; };
		1560D6E72141732200BD7459 /* Info.plist */ = {isa = PBXFileReference; lastKnownFileType = text.plist.xml; path = Info.plist; sourceTree = "<group>"; };
		1560D6EC2141732200BD7459 /* 1_UILabelTestTests.xctest */ = {isa = PBXFileReference; explicitFileType = wrapper.cfbundle; includeInIndex = 0; path = 1_UILabelTestTests.xctest; sourceTree = BUILT_PRODUCTS_DIR; };
		1560D6F02141732200BD7459 /* __UILabelTestTests.swift */ = {isa = PBXFileReference; lastKnownFileType = sourcecode.swift; path = __UILabelTestTests.swift; sourceTree = "<group>"; };
		1560D6F22141732200BD7459 /* Info.plist */ = {isa = PBXFileReference; lastKnownFileType = text.plist.xml; path = Info.plist; sourceTree = "<group>"; };
		1560D6F72141732200BD7459 /* 1_UILabelTestUITests.xctest */ = {isa = PBXFileReference; explicitFileType = wrapper.cfbundle; includeInIndex = 0; path = 1_UILabelTestUITests.xctest; sourceTree = BUILT_PRODUCTS_DIR; };
		1560D6FB2141732200BD7459 /* __UILabelTestUITests.swift */ = {isa = PBXFileReference; lastKnownFileType = sourcecode.swift; path = __UILabelTestUITests.swift; sourceTree = "<group>"; };
		1560D6FD2141732200BD7459 /* Info.plist */ = {isa = PBXFileReference; lastKnownFileType = text.plist.xml; path = Info.plist; sourceTree = "<group>"; };
/* End PBXFileReference section */

/* Begin PBXFrameworksBuildPhase section */
		1560D6D52141732100BD7459 /* Frameworks */ = {
			isa = PBXFrameworksBuildPhase;
			buildActionMask = 2147483647;
			files = (
			);
			runOnlyForDeploymentPostprocessing = 0;
		};
		1560D6E92141732200BD7459 /* Frameworks */ = {
			isa = PBXFrameworksBuildPhase;
			buildActionMask = 2147483647;
			files = (
			);
			runOnlyForDeploymentPostprocessing = 0;
		};
		1560D6F42141732200BD7459 /* Frameworks */ = {
			isa = PBXFrameworksBuildPhase;
			buildActionMask = 2147483647;
			files = (
			);
			runOnlyForDeploymentPostprocessing = 0;
		};
/* End PBXFrameworksBuildPhase section */

/* Begin PBXGroup section */
		1560D6CF2141732100BD7459 = {
			isa = PBXGroup;
			children = (
				1560D6DA2141732100BD7459 /* 1_UILabelTest */,
				1560D6EF2141732200BD7459 /* 1_UILabelTestTests */,
				1560D6FA2141732200BD7459 /* 1_UILabelTestUITests */,
				1560D6D92141732100BD7459 /* Products */,
			);
			sourceTree = "<group>";
		};
		1560D6D92141732100BD7459 /* Products */ = {
			isa = PBXGroup;
			children = (
				1560D6D82141732100BD7459 /* 1_UILabelTest.app */,
				1560D6EC2141732200BD7459 /* 1_UILabelTestTests.xctest */,
				1560D6F72141732200BD7459 /* 1_UILabelTestUITests.xctest */,
			);
			name = Products;
			sourceTree = "<group>";
		};
		1560D6DA2141732100BD7459 /* 1_UILabelTest */ = {
			isa = PBXGroup;
			children = (
				1560D6DB2141732100BD7459 /* AppDelegate.swift */,
				1560D6DD2141732100BD7459 /* ViewController.swift */,
				1560D6DF2141732100BD7459 /* Main.storyboard */,
				1560D6E22141732200BD7459 /* Assets.xcassets */,
				1560D6E42141732200BD7459 /* LaunchScreen.storyboard */,
				1560D6E72141732200BD7459 /* Info.plist */,
			);
			path = 1_UILabelTest;
			sourceTree = "<group>";
		};
		1560D6EF2141732200BD7459 /* 1_UILabelTestTests */ = {
			isa = PBXGroup;
			children = (
				1560D6F02141732200BD7459 /* __UILabelTestTests.swift */,
				1560D6F22141732200BD7459 /* Info.plist */,
			);
			path = 1_UILabelTestTests;
			sourceTree = "<group>";
		};
		1560D6FA2141732200BD7459 /* 1_UILabelTestUITests */ = {
			isa = PBXGroup;
			children = (
				1560D6FB2141732200BD7459 /* __UILabelTestUITests.swift */,
				1560D6FD2141732200BD7459 /* Info.plist */,
			);
			path = 1_UILabelTestUITests;
			sourceTree = "<group>";
		};
/* End PBXGroup section */

/* Begin PBXNativeTarget section */
		1560D6D72141732100BD7459 /* 1_UILabelTest */ = {
			isa = PBXNativeTarget;
			buildConfigurationList = 1560D7002141732200BD7459 /* Build configuration list for PBXNativeTarget "1_UILabelTest" */;
			buildPhases = (
				1560D6D42141732100BD7459 /* Sources */,
				1560D6D52141732100BD7459 /* Frameworks */,
				1560D6D62141732100BD7459 /* Resources */,
			);
			buildRules = (
			);
			dependencies = (
			);
			name = 1_UILabelTest;
			productName = 1_UILabelTest;
			productReference = 1560D6D82141732100BD7459 /* 1_UILabelTest.app */;
			productType = "com.apple.product-type.application";
		};
		1560D6EB2141732200BD7459 /* 1_UILabelTestTests */ = {
			isa = PBXNativeTarget;
			buildConfigurationList = 1560D7032141732200BD7459 /* Build configuration list for PBXNativeTarget "1_UILabelTestTests" */;
			buildPhases = (
				1560D6E82141732200BD7459 /* Sources */,
				1560D6E92141732200BD7459 /* Frameworks */,
				1560D6EA2141732200BD7459 /* Resources */,
			);
			buildRules = (
			);
			dependencies = (
				1560D6EE2141732200BD7459 /* PBXTargetDependency */,
			);
			name = 1_UILabelTestTests;
			productName = 1_UILabelTestTests;
			productReference = 1560D6EC2141732200BD7459 /* 1_UILabelTestTests.xctest */;
			productType = "com.apple.product-type.bundle.unit-test";
		};
		1560D6F62141732200BD7459 /* 1_UILabelTestUITests */ = {
			isa = PBXNativeTarget;
			buildConfigurationList = 1560D7062141732200BD7459 /* Build configuration list for PBXNativeTarget "1_UILabelTestUITests" */;
			buildPhases = (
				1560D6F32141732200BD7459 /* Sources */,
				1560D6F42141732200BD7459 /* Frameworks */,
				1560D6F52141732200BD7459 /* Resources */,
			);
			buildRules = (
			);
			dependencies = (
				1560D6F92141732200BD7459 /* PBXTargetDependency */,
			);
			name = 1_UILabelTestUITests;
			productName = 1_UILabelTestUITests;
			productReference = 1560D6F72141732200BD7459 /* 1_UILabelTestUITests.xctest */;
			productType = "com.apple.product-type.bundle.ui-testing";
		};
/* End PBXNativeTarget section */

/* Begin PBXProject section */
		1560D6D02141732100BD7459 /* Project object */ = {
			isa = PBXProject;
			attributes = {
				LastSwiftUpdateCheck = 0940;
				LastUpgradeCheck = 0940;
				ORGANIZATIONNAME = "李维强";
				TargetAttributes = {
					1560D6D72141732100BD7459 = {
						CreatedOnToolsVersion = 9.4.1;
						DevelopmentTeam = A37HB6598M;
						ProvisioningStyle = Automatic;
					};
					1560D6EB2141732200BD7459 = {
						CreatedOnToolsVersion = 9.4.1;
						DevelopmentTeam = A37HB6598M;
						ProvisioningStyle = Automatic;
						TestTargetID = 1560D6D72141732100BD7459;
					};
					1560D6F62141732200BD7459 = {
						CreatedOnToolsVersion = 9.4.1;
						DevelopmentTeam = A37HB6598M;
						ProvisioningStyle = Automatic;
						TestTargetID = 1560D6D72141732100BD7459;
					};
				};
			};
			buildConfigurationList = 1560D6D32141732100BD7459 /* Build configuration list for PBXProject "1_UILabelTest" */;
			compatibilityVersion = "Xcode 3.2";
			developmentRegion = en;
			hasScannedForEncodings = 0;
			knownRegions = (
				en,
				Base,
			);
			mainGroup = 1560D6CF2141732100BD7459;
			productRefGroup = 1560D6D92141732100BD7459 /* Products */;
			projectDirPath = "";
			projectRoot = "";
			targets = (
				1560D6D72141732100BD7459 /* 1_UILabelTest */,
				1560D6EB2141732200BD7459 /* 1_UILabelTestTests */,
				1560D6F62141732200BD7459 /* 1_UILabelTestUITests */,
			);
		};
/* End PBXProject section */

/* Begin PBXResourcesBuildPhase section */
		1560D6D62141732100BD7459 /* Resources */ = {
			isa = PBXResourcesBuildPhase;
			buildActionMask = 2147483647;
			files = (
				1560D6E62141732200BD7459 /* LaunchScreen.storyboard in Resources */,
				1560D6E32141732200BD7459 /* Assets.xcassets in Resources */,
				1560D6E12141732100BD7459 /* Main.storyboard in Resources */,
			);
			runOnlyForDeploymentPostprocessing = 0;
		};
		1560D6EA2141732200BD7459 /* Resources */ = {
			isa = PBXResourcesBuildPhase;
			buildActionMask = 2147483647;
			files = (
			);
			runOnlyForDeploymentPostprocessing = 0;
		};
		1560D6F52141732200BD7459 /* Resources */ = {
			isa = PBXResourcesBuildPhase;
			buildActionMask = 2147483647;
			files = (
			);
			runOnlyForDeploymentPostprocessing = 0;
		};
/* End PBXResourcesBuildPhase section */

/* Begin PBXSourcesBuildPhase section */
		1560D6D42141732100BD7459 /* Sources */ = {
			isa = PBXSourcesBuildPhase;
			buildActionMask = 2147483647;
			files = (
				1560D6DE2141732100BD7459 /* ViewController.swift in Sources */,
				1560D6DC2141732100BD7459 /* AppDelegate.swift in Sources */,
			);
			runOnlyForDeploymentPostprocessing = 0;
		};
		1560D6E82141732200BD7459 /* Sources */ = {
			isa = PBXSourcesBuildPhase;
			buildActionMask = 2147483647;
			files = (
				1560D6F12141732200BD7459 /* __UILabelTestTests.swift in Sources */,
			);
			runOnlyForDeploymentPostprocessing = 0;
		};
		1560D6F32141732200BD7459 /* Sources */ = {
			isa = PBXSourcesBuildPhase;
			buildActionMask = 2147483647;
			files = (
				1560D6FC2141732200BD7459 /* __UILabelTestUITests.swift in Sources */,
			);
			runOnlyForDeploymentPostprocessing = 0;
		};
/* End PBXSourcesBuildPhase section */

/* Begin PBXTargetDependency section */
		1560D6EE2141732200BD7459 /* PBXTargetDependency */ = {
			isa = PBXTargetDependency;
			target = 1560D6D72141732100BD7459 /* 1_UILabelTest */;
			targetProxy = 1560D6ED2141732200BD7459 /* PBXContainerItemProxy */;
		};
		1560D6F92141732200BD7459 /* PBXTargetDependency */ = {
			isa = PBXTargetDependency;
			target = 1560D6D72141732100BD7459 /* 1_UILabelTest */;
			targetProxy = 1560D6F82141732200BD7459 /* PBXContainerItemProxy */;
		};
/* End PBXTargetDependency section */

/* Begin PBXVariantGroup section */
		1560D6DF2141732100BD7459 /* Main.storyboard */ = {
			isa = PBXVariantGroup;
			children = (
				1560D6E02141732100BD7459 /* Base */,
			);
			name = Main.storyboard;
			sourceTree = "<group>";
		};
		1560D6E42141732200BD7459 /* LaunchScreen.storyboard */ = {
			isa = PBXVariantGroup;
			children = (
				1560D6E52141732200BD7459 /* Base */,
			);
			name = LaunchScreen.storyboard;
			sourceTree = "<group>";
		};
/* End PBXVariantGroup section */

/* Begin XCBuildConfiguration section */
		1560D6FE2141732200BD7459 /* Debug */ = {
			isa = XCBuildConfiguration;
			buildSettings = {
				ALWAYS_SEARCH_USER_PATHS = NO;
				CLANG_ANALYZER_NONNULL = YES;
				CLANG_ANALYZER_NUMBER_OBJECT_CONVERSION = YES_AGGRESSIVE;
				CLANG_CXX_LANGUAGE_STANDARD = "gnu++14";
				CLANG_CXX_LIBRARY = "libc++";
				CLANG_ENABLE_MODULES = YES;
				CLANG_ENABLE_OBJC_ARC = YES;
				CLANG_ENABLE_OBJC_WEAK = YES;
				CLANG_WARN_BLOCK_CAPTURE_AUTORELEASING = YES;
				CLANG_WARN_BOOL_CONVERSION = YES;
				CLANG_WARN_COMMA = YES;
				CLANG_WARN_CONSTANT_CONVERSION = YES;
				CLANG_WARN_DEPRECATED_OBJC_IMPLEMENTATIONS = YES;
				CLANG_WARN_DIRECT_OBJC_ISA_USAGE = YES_ERROR;
				CLANG_WARN_DOCUMENTATION_COMMENTS = YES;
				CLANG_WARN_EMPTY_BODY = YES;
				CLANG_WARN_ENUM_CONVERSION = YES;
				CLANG_WARN_INFINITE_RECURSION = YES;
				CLANG_WARN_INT_CONVERSION = YES;
				CLANG_WARN_NON_LITERAL_NULL_CONVERSION = YES;
				CLANG_WARN_OBJC_IMPLICIT_RETAIN_SELF = YES;
				CLANG_WARN_OBJC_LITERAL_CONVERSION = YES;
				CLANG_WARN_OBJC_ROOT_CLASS = YES_ERROR;
				CLANG_WARN_RANGE_LOOP_ANALYSIS = YES;
				CLANG_WARN_STRICT_PROTOTYPES = YES;
				CLANG_WARN_SUSPICIOUS_MOVE = YES;
				CLANG_WARN_UNGUARDED_AVAILABILITY = YES_AGGRESSIVE;
				CLANG_WARN_UNREACHABLE_CODE = YES;
				CLANG_WARN__DUPLICATE_METHOD_MATCH = YES;
				CODE_SIGN_IDENTITY = "iPhone Developer";
				COPY_PHASE_STRIP = NO;
				DEBUG_INFORMATION_FORMAT = dwarf;
				ENABLE_STRICT_OBJC_MSGSEND = YES;
				ENABLE_TESTABILITY = YES;
				GCC_C_LANGUAGE_STANDARD = gnu11;
				GCC_DYNAMIC_NO_PIC = NO;
				GCC_NO_COMMON_BLOCKS = YES;
				GCC_OPTIMIZATION_LEVEL = 0;
				GCC_PREPROCESSOR_DEFINITIONS = (
					"DEBUG=1",
					"$(inherited)",
				);
				GCC_WARN_64_TO_32_BIT_CONVERSION = YES;
				GCC_WARN_ABOUT_RETURN_TYPE = YES_ERROR;
				GCC_WARN_UNDECLARED_SELECTOR = YES;
				GCC_WARN_UNINITIALIZED_AUTOS = YES_AGGRESSIVE;
				GCC_WARN_UNUSED_FUNCTION = YES;
				GCC_WARN_UNUSED_VARIABLE = YES;
				IPHONEOS_DEPLOYMENT_TARGET = 11.4;
				MTL_ENABLE_DEBUG_INFO = YES;
				ONLY_ACTIVE_ARCH = YES;
				SDKROOT = iphoneos;
				SWIFT_ACTIVE_COMPILATION_CONDITIONS = DEBUG;
				SWIFT_OPTIMIZATION_LEVEL = "-Onone";
			};
			name = Debug;
		};
		1560D6FF2141732200BD7459 /* Release */ = {
			isa = XCBuildConfiguration;
			buildSettings = {
				ALWAYS_SEARCH_USER_PATHS = NO;
				CLANG_ANALYZER_NONNULL = YES;
				CLANG_ANALYZER_NUMBER_OBJECT_CONVERSION = YES_AGGRESSIVE;
				CLANG_CXX_LANGUAGE_STANDARD = "gnu++14";
				CLANG_CXX_LIBRARY = "libc++";
				CLANG_ENABLE_MODULES = YES;
				CLANG_ENABLE_OBJC_ARC = YES;
				CLANG_ENABLE_OBJC_WEAK = YES;
				CLANG_WARN_BLOCK_CAPTURE_AUTORELEASING = YES;
				CLANG_WARN_BOOL_CONVERSION = YES;
				CLANG_WARN_COMMA = YES;
				CLANG_WARN_CONSTANT_CONVERSION = YES;
				CLANG_WARN_DEPRECATED_OBJC_IMPLEMENTATIONS = YES;
				CLANG_WARN_DIRECT_OBJC_ISA_USAGE = YES_ERROR;
				CLANG_WARN_DOCUMENTATION_COMMENTS = YES;
				CLANG_WARN_EMPTY_BODY = YES;
				CLANG_WARN_ENUM_CONVERSION = YES;
				CLANG_WARN_INFINITE_RECURSION = YES;
				CLANG_WARN_INT_CONVERSION = YES;
				CLANG_WARN_NON_LITERAL_NULL_CONVERSION = YES;
				CLANG_WARN_OBJC_IMPLICIT_RETAIN_SELF = YES;
				CLANG_WARN_OBJC_LITERAL_CONVERSION = YES;
				CLANG_WARN_OBJC_ROOT_CLASS = YES_ERROR;
				CLANG_WARN_RANGE_LOOP_ANALYSIS = YES;
				CLANG_WARN_STRICT_PROTOTYPES = YES;
				CLANG_WARN_SUSPICIOUS_MOVE = YES;
				CLANG_WARN_UNGUARDED_AVAILABILITY = YES_AGGRESSIVE;
				CLANG_WARN_UNREACHABLE_CODE = YES;
				CLANG_WARN__DUPLICATE_METHOD_MATCH = YES;
				CODE_SIGN_IDENTITY = "iPhone Developer";
				COPY_PHASE_STRIP = NO;
				DEBUG_INFORMATION_FORMAT = "dwarf-with-dsym";
				ENABLE_NS_ASSERTIONS = NO;
				ENABLE_STRICT_OBJC_MSGSEND = YES;
				GCC_C_LANGUAGE_STANDARD = gnu11;
				GCC_NO_COMMON_BLOCKS = YES;
				GCC_WARN_64_TO_32_BIT_CONVERSION = YES;
				GCC_WARN_ABOUT_RETURN_TYPE = YES_ERROR;
				GCC_WARN_UNDECLARED_SELECTOR = YES;
				GCC_WARN_UNINITIALIZED_AUTOS = YES_AGGRESSIVE;
				GCC_WARN_UNUSED_FUNCTION = YES;
				GCC_WARN_UNUSED_VARIABLE = YES;
				IPHONEOS_DEPLOYMENT_TARGET = 11.4;
				MTL_ENABLE_DEBUG_INFO = NO;
				SDKROOT = iphoneos;
				SWIFT_OPTIMIZATION_LEVEL = "-Owholemodule";
				VALIDATE_PRODUCT = YES;
			};
			name = Release;
		};
		1560D7012141732200BD7459 /* Debug */ = {
			isa = XCBuildConfiguration;
			buildSettings = {
				ASSETCATALOG_COMPILER_APPICON_NAME = AppIcon;
				CODE_SIGN_STYLE = Automatic;
				DEVELOPMENT_TEAM = A37HB6598M;
				INFOPLIST_FILE = 1_UILabelTest/Info.plist;
				IPHONEOS_DEPLOYMENT_TARGET = 10.0;
				LD_RUNPATH_SEARCH_PATHS = "$(inherited) @executable_path/Frameworks";
				PRODUCT_BUNDLE_IDENTIFIER = "com.decnt.--UILabelTest";
				PRODUCT_NAME = "$(TARGET_NAME)";
				SWIFT_VERSION = 4.0;
				TARGETED_DEVICE_FAMILY = "1,2";
			};
			name = Debug;
		};
		1560D7022141732200BD7459 /* Release */ = {
			isa = XCBuildConfiguration;
			buildSettings = {
				ASSETCATALOG_COMPILER_APPICON_NAME = AppIcon;
				CODE_SIGN_STYLE = Automatic;
				DEVELOPMENT_TEAM = A37HB6598M;
				INFOPLIST_FILE = 1_UILabelTest/Info.plist;
				IPHONEOS_DEPLOYMENT_TARGET = 10.0;
				LD_RUNPATH_SEARCH_PATHS = "$(inherited) @executable_path/Frameworks";
				PRODUCT_BUNDLE_IDENTIFIER = "com.decnt.--UILabelTest";
				PRODUCT_NAME = "$(TARGET_NAME)";
				SWIFT_VERSION = 4.0;
				TARGETED_DEVICE_FAMILY = "1,2";
			};
			name = Release;
		};
		1560D7042141732200BD7459 /* Debug */ = {
			isa = XCBuildConfiguration;
			buildSettings = {
				ALWAYS_EMBED_SWIFT_STANDARD_LIBRARIES = YES;
				BUNDLE_LOADER = "$(TEST_HOST)";
				CODE_SIGN_STYLE = Automatic;
				DEVELOPMENT_TEAM = A37HB6598M;
				INFOPLIST_FILE = 1_UILabelTestTests/Info.plist;
				LD_RUNPATH_SEARCH_PATHS = "$(inherited) @executable_path/Frameworks @loader_path/Frameworks";
				PRODUCT_BUNDLE_IDENTIFIER = "com.decnt.--UILabelTestTests";
				PRODUCT_NAME = "$(TARGET_NAME)";
				SWIFT_VERSION = 4.0;
				TARGETED_DEVICE_FAMILY = "1,2";
				TEST_HOST = "$(BUILT_PRODUCTS_DIR)/1_UILabelTest.app/1_UILabelTest";
			};
			name = Debug;
		};
		1560D7052141732200BD7459 /* Release */ = {
			isa = XCBuildConfiguration;
			buildSettings = {
				ALWAYS_EMBED_SWIFT_STANDARD_LIBRARIES = YES;
				BUNDLE_LOADER = "$(TEST_HOST)";
				CODE_SIGN_STYLE = Automatic;
				DEVELOPMENT_TEAM = A37HB6598M;
				INFOPLIST_FILE = 1_UILabelTestTests/Info.plist;
				LD_RUNPATH_SEARCH_PATHS = "$(inherited) @executable_path/Frameworks @loader_path/Frameworks";
				PRODUCT_BUNDLE_IDENTIFIER = "com.decnt.--UILabelTestTests";
				PRODUCT_NAME = "$(TARGET_NAME)";
				SWIFT_VERSION = 4.0;
				TARGETED_DEVICE_FAMILY = "1,2";
				TEST_HOST = "$(BUILT_PRODUCTS_DIR)/1_UILabelTest.app/1_UILabelTest";
			};
			name = Release;
		};
		1560D7072141732200BD7459 /* Debug */ = {
			isa = XCBuildConfiguration;
			buildSettings = {
				ALWAYS_EMBED_SWIFT_STANDARD_LIBRARIES = YES;
				CODE_SIGN_STYLE = Automatic;
				DEVELOPMENT_TEAM = A37HB6598M;
				INFOPLIST_FILE = 1_UILabelTestUITests/Info.plist;
				LD_RUNPATH_SEARCH_PATHS = "$(inherited) @executable_path/Frameworks @loader_path/Frameworks";
				PRODUCT_BUNDLE_IDENTIFIER = "com.decnt.--UILabelTestUITests";
				PRODUCT_NAME = "$(TARGET_NAME)";
				SWIFT_VERSION = 4.0;
				TARGETED_DEVICE_FAMILY = "1,2";
				TEST_TARGET_NAME = 1_UILabelTest;
			};
			name = Debug;
		};
		1560D7082141732200BD7459 /* Release */ = {
			isa = XCBuildConfiguration;
			buildSettings = {
				ALWAYS_EMBED_SWIFT_STANDARD_LIBRARIES = YES;
				CODE_SIGN_STYLE = Automatic;
				DEVELOPMENT_TEAM = A37HB6598M;
				INFOPLIST_FILE = 1_UILabelTestUITests/Info.plist;
				LD_RUNPATH_SEARCH_PATHS = "$(inherited) @executable_path/Frameworks @loader_path/Frameworks";
				PRODUCT_BUNDLE_IDENTIFIER = "com.decnt.--UILabelTestUITests";
				PRODUCT_NAME = "$(TARGET_NAME)";
				SWIFT_VERSION = 4.0;
				TARGETED_DEVICE_FAMILY = "1,2";
				TEST_TARGET_NAME = 1_UILabelTest;
			};
			name = Release;
		};
/* End XCBuildConfiguration section */

/* Begin XCConfigurationList section */
		1560D6D32141732100BD7459 /* Build configuration list for PBXProject "1_UILabelTest" */ = {
			isa = XCConfigurationList;
			buildConfigurations = (
				1560D6FE2141732200BD7459 /* Debug */,
				1560D6FF2141732200BD7459 /* Release */,
			);
			defaultConfigurationIsVisible = 0;
			defaultConfigurationName = Release;
		};
		1560D7002141732200BD7459 /* Build configuration list for PBXNativeTarget "1_UILabelTest" */ = {
			isa = XCConfigurationList;
			buildConfigurations = (
				1560D7012141732200BD7459 /* Debug */,
				1560D7022141732200BD7459 /* Release */,
			);
			defaultConfigurationIsVisible = 0;
			defaultConfigurationName = Release;
		};
		1560D7032141732200BD7459 /* Build configuration list for PBXNativeTarget "1_UILabelTestTests" */ = {
			isa = XCConfigurationList;
			buildConfigurations = (
				1560D7042141732200BD7459 /* Debug */,
				1560D7052141732200BD7459 /* Release */,
			);
			defaultConfigurationIsVisible = 0;
			defaultConfigurationName = Release;
		};
		1560D7062141732200BD7459 /* Build configuration list for PBXNativeTarget "1_UILabelTestUITests" */ = {
			isa = XCConfigurationList;
			buildConfigurations = (
				1560D7072141732200BD7459 /* Debug */,
				1560D7082141732200BD7459 /* Release */,
			);
			defaultConfigurationIsVisible = 0;
			defaultConfigurationName = Release;
		};
/* End XCConfigurationList section */
	};
	rootObject = 1560D6D02141732100BD7459 /* Project object */;
}
